
Microsoft Visual Studio Solution File, Format Version 12.00
# Visual Studio 14
VisualStudioVersion = 14.0.25420.1
MinimumVisualStudioVersion = 10.0.40219.1
Project("{8BC9CEB8-8B4A-11D0-8D11-00A0C91BC942}") = "Zaj01", "Zaj01\Zaj01.vcxproj", "{48466AAB-727B-4C12-BF95-FD38225F1385}"
EndProject
Project("{8BC9CEB8-8B4A-11D0-8D11-00A0C91BC942}") = "Zaj02", "Zaj02\Zaj02.vcxproj", "{A4C49ECC-88BF-4FA5-B562-0A5F764EA82A}"
EndProject
Project("{8BC9CEB8-8B4A-11D0-8D11-00A0C91BC942}") = "Zaj03", "Zaj03\Zaj03.vcxproj", "{F804A05A-E07C-4314-8479-C01D49B7C980}"
EndProject
Project("{8BC9CEB8-8B4A-11D0-8D11-00A0C91BC942}") = "Zaj04", "Zaj04\Zaj04.vcxproj", "{453E276A-24D6-4AE2-B7B5-9746F323D6BE}"
EndProject
Project("{8BC9CEB8-8B4A-11D0-8D11-00A0C91BC942}") = "Zaj05", "Zaj05\Zaj05.vcxproj", "{368CC7FF-F4ED-4FEE-9763-19CA4E20CCDB}"
EndProject
Project("{8BC9CEB8-8B4A-11D0-8D11-00A0C91BC942}") = "Zaj07", "Zaj07\Zaj07.vcxproj", "{7C0A0F0B-11B4-4805-9742-276241909BDB}"
EndProject
Project("{8BC9CEB8-8B4A-11D0-8D11-00A0C91BC942}") = "Zaj09", "Zaj09\Zaj09.vcxproj", "{756B204C-1AF3-4BF4-9B70-3C6F148EB0D3}"
EndProject
Project("{8BC9CEB8-8B4A-11D0-8D11-00A0C91BC942}") = "Zaj10", "Zaj10\Zaj10.vcxproj", "{7B29E903-46EC-475B-A032-ACBB87ADD6BC}"
EndProject
Project("{8BC9CEB8-8B4A-11D0-8D11-00A0C91BC942}") = "Zaj11", "Zaj11\Zaj11.vcxproj", "{D280C34D-3411-4B93-B1D4-A5A23C13A864}"
EndProject
Global
	GlobalSection(SolutionConfigurationPlatforms) = preSolution
		Debug|x64 = Debug|x64
		Debug|x86 = Debug|x86
		Release|x64 = Release|x64
		Release|x86 = Release|x86
	EndGlobalSection
	GlobalSection(ProjectConfigurationPlatforms) = postSolution
		{48466AAB-727B-4C12-BF95-FD38225F1385}.Debug|x64.ActiveCfg = Debug|x64
		{48466AAB-727B-4C12-BF95-FD38225F1385}.Debug|x64.Build.0 = Debug|x64
		{48466AAB-727B-4C12-BF95-FD38225F1385}.Debug|x86.ActiveCfg = Debug|Win32
		{48466AAB-727B-4C12-BF95-FD38225F1385}.Debug|x86.Build.0 = Debug|Win32
		{48466AAB-727B-4C12-BF95-FD38225F1385}.Release|x64.ActiveCfg = Release|x64
		{48466AAB-727B-4C12-BF95-FD38225F1385}.Release|x64.Build.0 = Release|x64
		{48466AAB-727B-4C12-BF95-FD38225F1385}.Release|x86.ActiveCfg = Release|Win32
		{48466AAB-727B-4C12-BF95-FD38225F1385}.Release|x86.Build.0 = Release|Win32
		{A4C49ECC-88BF-4FA5-B562-0A5F764EA82A}.Debug|x64.ActiveCfg = Debug|x64
		{A4C49ECC-88BF-4FA5-B562-0A5F764EA82A}.Debug|x64.Build.0 = Debug|x64
		{A4C49ECC-88BF-4FA5-B562-0A5F764EA82A}.Debug|x86.ActiveCfg = Debug|Win32
		{A4C49ECC-88BF-4FA5-B562-0A5F764EA82A}.Debug|x86.Build.0 = Debug|Win32
		{A4C49ECC-88BF-4FA5-B562-0A5F764EA82A}.Release|x64.ActiveCfg = Release|x64
		{A4C49ECC-88BF-4FA5-B562-0A5F764EA82A}.Release|x64.Build.0 = Release|x64
		{A4C49ECC-88BF-4FA5-B562-0A5F764EA82A}.Release|x86.ActiveCfg = Release|Win32
		{A4C49ECC-88BF-4FA5-B562-0A5F764EA82A}.Release|x86.Build.0 = Release|Win32
		{F804A05A-E07C-4314-8479-C01D49B7C980}.Debug|x64.ActiveCfg = Debug|x64
		{F804A05A-E07C-4314-8479-C01D49B7C980}.Debug|x64.Build.0 = Debug|x64
		{F804A05A-E07C-4314-8479-C01D49B7C980}.Debug|x86.ActiveCfg = Debug|Win32
		{F804A05A-E07C-4314-8479-C01D49B7C980}.Debug|x86.Build.0 = Debug|Win32
		{F804A05A-E07C-4314-8479-C01D49B7C980}.Release|x64.ActiveCfg = Release|x64
		{F804A05A-E07C-4314-8479-C01D49B7C980}.Release|x64.Build.0 = Release|x64
		{F804A05A-E07C-4314-8479-C01D49B7C980}.Release|x86.ActiveCfg = Release|Win32
		{F804A05A-E07C-4314-8479-C01D49B7C980}.Release|x86.Build.0 = Release|Win32
		{453E276A-24D6-4AE2-B7B5-9746F323D6BE}.Debug|x64.ActiveCfg = Debug|x64
		{453E276A-24D6-4AE2-B7B5-9746F323D6BE}.Debug|x64.Build.0 = Debug|x64
		{453E276A-24D6-4AE2-B7B5-9746F323D6BE}.Debug|x86.ActiveCfg = Debug|Win32
		{453E276A-24D6-4AE2-B7B5-9746F323D6BE}.Debug|x86.Build.0 = Debug|Win32
		{453E276A-24D6-4AE2-B7B5-9746F323D6BE}.Release|x64.ActiveCfg = Release|x64
		{453E276A-24D6-4AE2-B7B5-9746F323D6BE}.Release|x64.Build.0 = Release|x64
		{453E276A-24D6-4AE2-B7B5-9746F323D6BE}.Release|x86.ActiveCfg = Release|Win32
		{453E276A-24D6-4AE2-B7B5-9746F323D6BE}.Release|x86.Build.0 = Release|Win32
		{368CC7FF-F4ED-4FEE-9763-19CA4E20CCDB}.Debug|x64.ActiveCfg = Debug|x64
		{368CC7FF-F4ED-4FEE-9763-19CA4E20CCDB}.Debug|x64.Build.0 = Debug|x64
		{368CC7FF-F4ED-4FEE-9763-19CA4E20CCDB}.Debug|x86.ActiveCfg = Debug|Win32
		{368CC7FF-F4ED-4FEE-9763-19CA4E20CCDB}.Debug|x86.Build.0 = Debug|Win32
		{368CC7FF-F4ED-4FEE-9763-19CA4E20CCDB}.Release|x64.ActiveCfg = Release|x64
		{368CC7FF-F4ED-4FEE-9763-19CA4E20CCDB}.Release|x64.Build.0 = Release|x64
		{368CC7FF-F4ED-4FEE-9763-19CA4E20CCDB}.Release|x86.ActiveCfg = Release|Win32
		{368CC7FF-F4ED-4FEE-9763-19CA4E20CCDB}.Release|x86.Build.0 = Release|Win32
		{7C0A0F0B-11B4-4805-9742-276241909BDB}.Debug|x64.ActiveCfg = Debug|x64
		{7C0A0F0B-11B4-4805-9742-276241909BDB}.Debug|x64.Build.0 = Debug|x64
		{7C0A0F0B-11B4-4805-9742-276241909BDB}.Debug|x86.ActiveCfg = Debug|Win32
		{7C0A0F0B-11B4-4805-9742-276241909BDB}.Debug|x86.Build.0 = Debug|Win32
		{7C0A0F0B-11B4-4805-9742-276241909BDB}.Release|x64.ActiveCfg = Release|x64
		{7C0A0F0B-11B4-4805-9742-276241909BDB}.Release|x64.Build.0 = Release|x64
		{7C0A0F0B-11B4-4805-9742-276241909BDB}.Release|x86.ActiveCfg = Release|Win32
		{7C0A0F0B-11B4-4805-9742-276241909BDB}.Release|x86.Build.0 = Release|Win32
		{756B204C-1AF3-4BF4-9B70-3C6F148EB0D3}.Debug|x64.ActiveCfg = Debug|x64
		{756B204C-1AF3-4BF4-9B70-3C6F148EB0D3}.Debug|x64.Build.0 = Debug|x64
		{756B204C-1AF3-4BF4-9B70-3C6F148EB0D3}.Debug|x86.ActiveCfg = Debug|Win32
		{756B204C-1AF3-4BF4-9B70-3C6F148EB0D3}.Debug|x86.Build.0 = Debug|Win32
		{756B204C-1AF3-4BF4-9B70-3C6F148EB0D3}.Release|x64.ActiveCfg = Release|x64
		{756B204C-1AF3-4BF4-9B70-3C6F148EB0D3}.Release|x64.Build.0 = Release|x64
		{756B204C-1AF3-4BF4-9B70-3C6F148EB0D3}.Release|x86.ActiveCfg = Release|Win32
		{756B204C-1AF3-4BF4-9B70-3C6F148EB0D3}.Release|x86.Build.0 = Release|Win32
		{7B29E903-46EC-475B-A032-ACBB87ADD6BC}.Debug|x64.ActiveCfg = Debug|x64
		{7B29E903-46EC-475B-A032-ACBB87ADD6BC}.Debug|x64.Build.0 = Debug|x64
		{7B29E903-46EC-475B-A032-ACBB87ADD6BC}.Debug|x86.ActiveCfg = Debug|Win32
		{7B29E903-46EC-475B-A032-ACBB87ADD6BC}.Debug|x86.Build.0 = Debug|Win32
		{7B29E903-46EC-475B-A032-ACBB87ADD6BC}.Release|x64.ActiveCfg = Release|x64
		{7B29E903-46EC-475B-A032-ACBB87ADD6BC}.Release|x64.Build.0 = Release|x64
		{7B29E903-46EC-475B-A032-ACBB87ADD6BC}.Release|x86.ActiveCfg = Release|Win32
		{7B29E903-46EC-475B-A032-ACBB87ADD6BC}.Release|x86.Build.0 = Release|Win32
		{D280C34D-3411-4B93-B1D4-A5A23C13A864}.Debug|x64.ActiveCfg = Debug|x64
		{D280C34D-3411-4B93-B1D4-A5A23C13A864}.Debug|x64.Build.0 = Debug|x64
		{D280C34D-3411-4B93-B1D4-A5A23C13A864}.Debug|x86.ActiveCfg = Debug|Win32
		{D280C34D-3411-4B93-B1D4-A5A23C13A864}.Debug|x86.Build.0 = Debug|Win32
		{D280C34D-3411-4B93-B1D4-A5A23C13A864}.Release|x64.ActiveCfg = Release|x64
		{D280C34D-3411-4B93-B1D4-A5A23C13A864}.Release|x64.Build.0 = Release|x64
		{D280C34D-3411-4B93-B1D4-A5A23C13A864}.Release|x86.ActiveCfg = Release|Win32
		{D280C34D-3411-4B93-B1D4-A5A23C13A864}.Release|x86.Build.0 = Release|Win32
	EndGlobalSection
	GlobalSection(SolutionProperties) = preSolution
		HideSolutionNode = FALSE
	EndGlobalSection
EndGlobal
